
Microsoft Visual Studio Solution File, Format Version 12.00
# Visual Studio Version 16
VisualStudioVersion = 16.0.29519.181
MinimumVisualStudioVersion = 10.0.40219.1
Project("{FAE04EC0-301F-11D3-BF4B-00C04F79EFBC}") = "TestOperation", "TestOperation\TestOperation.csproj", "{A65F6DA7-57EA-4384-902E-4926EBFC0B23}"
EndProject
Global
	GlobalSection(SolutionConfigurationPlatforms) = preSolution
		Debug|Any CPU = Debug|Any CPU
		Release|Any CPU = Release|Any CPU
	EndGlobalSection
	GlobalSection(ProjectConfigurationPlatforms) = postSolution
		{A65F6DA7-57EA-4384-902E-4926EBFC0B23}.Debug|Any CPU.ActiveCfg = Debug|Any CPU
		{A65F6DA7-57EA-4384-902E-4926EBFC0B23}.Debug|Any CPU.Build.0 = Debug|Any CPU
		{A65F6DA7-57EA-4384-902E-4926EBFC0B23}.Release|Any CPU.ActiveCfg = Release|Any CPU
		{A65F6DA7-57EA-4384-902E-4926EBFC0B23}.Release|Any CPU.Build.0 = Release|Any CPU
	EndGlobalSection
	GlobalSection(SolutionProperties) = preSolution
		HideSolutionNode = FALSE
	EndGlobalSection
	GlobalSection(ExtensibilityGlobals) = postSolution
		SolutionGuid = {CC05D440-5466-4EAA-ACA3-D4A5D6753793}
	EndGlobalSection
EndGlobal
